
Microsoft Visual Studio Solution File, Format Version 12.00
Project("{FAE04EC0-301F-11D3-BF4B-00C04F79EFBC}") = "funge-gui", "funge-gui\funge-gui.csproj", "{7001B879-EA9E-470C-BFF8-A141395E991A}"
EndProject
Project("{FAE04EC0-301F-11D3-BF4B-00C04F79EFBC}") = "funge-98", "funge-98\funge-98.csproj", "{133DEE8B-EAAB-45B2-9CCE-D2CA5445FE0B}"
EndProject
Global
	GlobalSection(SolutionConfigurationPlatforms) = preSolution
		Debug|Any CPU = Debug|Any CPU
		Release|Any CPU = Release|Any CPU
	EndGlobalSection
	GlobalSection(ProjectConfigurationPlatforms) = postSolution
		{7001B879-EA9E-470C-BFF8-A141395E991A}.Debug|Any CPU.ActiveCfg = Debug|Any CPU
		{7001B879-EA9E-470C-BFF8-A141395E991A}.Debug|Any CPU.Build.0 = Debug|Any CPU
		{7001B879-EA9E-470C-BFF8-A141395E991A}.Release|Any CPU.ActiveCfg = Release|Any CPU
		{7001B879-EA9E-470C-BFF8-A141395E991A}.Release|Any CPU.Build.0 = Release|Any CPU
		{133DEE8B-EAAB-45B2-9CCE-D2CA5445FE0B}.Debug|Any CPU.ActiveCfg = Debug|Any CPU
		{133DEE8B-EAAB-45B2-9CCE-D2CA5445FE0B}.Debug|Any CPU.Build.0 = Debug|Any CPU
		{133DEE8B-EAAB-45B2-9CCE-D2CA5445FE0B}.Release|Any CPU.ActiveCfg = Release|Any CPU
		{133DEE8B-EAAB-45B2-9CCE-D2CA5445FE0B}.Release|Any CPU.Build.0 = Release|Any CPU
	EndGlobalSection
EndGlobal
